// !$*UTF8*$!
{
	archiveVersion = 1;
	classes = {
	};
	objectVersion = 46;
	objects = {

/* Begin PBXBuildFile section */
		3F3540B719586CD400DFA7C5 /* Foundation.framework in Frameworks */ = {isa = PBXBuildFile; fileRef = 3F3540B619586CD400DFA7C5 /* Foundation.framework */; };
		3F3540B919586CD400DFA7C5 /* CoreGraphics.framework in Frameworks */ = {isa = PBXBuildFile; fileRef = 3F3540B819586CD400DFA7C5 /* CoreGraphics.framework */; };
		3F3540BB19586CD400DFA7C5 /* UIKit.framework in Frameworks */ = {isa = PBXBuildFile; fileRef = 3F3540BA19586CD400DFA7C5 /* UIKit.framework */; };
		3F3540BD19586CD400DFA7C5 /* SpriteKit.framework in Frameworks */ = {isa = PBXBuildFile; fileRef = 3F3540BC19586CD400DFA7C5 /* SpriteKit.framework */; };
		3F3540C319586CD400DFA7C5 /* InfoPlist.strings in Resources */ = {isa = PBXBuildFile; fileRef = 3F3540C119586CD400DFA7C5 /* InfoPlist.strings */; };
		3F3540C519586CD400DFA7C5 /* main.m in Sources */ = {isa = PBXBuildFile; fileRef = 3F3540C419586CD400DFA7C5 /* main.m */; };
		3F3540C919586CD400DFA7C5 /* AppDelegate.m in Sources */ = {isa = PBXBuildFile; fileRef = 3F3540C819586CD400DFA7C5 /* AppDelegate.m */; };
		3F3540CC19586CD400DFA7C5 /* Main_iPhone.storyboard in Resources */ = {isa = PBXBuildFile; fileRef = 3F3540CA19586CD400DFA7C5 /* Main_iPhone.storyboard */; };
		3F3540D219586CD400DFA7C5 /* ViewController.m in Sources */ = {isa = PBXBuildFile; fileRef = 3F3540D119586CD400DFA7C5 /* ViewController.m */; };
		3F3540D519586CD400DFA7C5 /* MyScene.m in Sources */ = {isa = PBXBuildFile; fileRef = 3F3540D419586CD400DFA7C5 /* MyScene.m */; };
		3F3540D919586CD400DFA7C5 /* Images.xcassets in Resources */ = {isa = PBXBuildFile; fileRef = 3F3540D819586CD400DFA7C5 /* Images.xcassets */; };
		3F3540E019586CD400DFA7C5 /* XCTest.framework in Frameworks */ = {isa = PBXBuildFile; fileRef = 3F3540DF19586CD400DFA7C5 /* XCTest.framework */; };
		3F3540E119586CD400DFA7C5 /* Foundation.framework in Frameworks */ = {isa = PBXBuildFile; fileRef = 3F3540B619586CD400DFA7C5 /* Foundation.framework */; };
		3F3540E219586CD400DFA7C5 /* UIKit.framework in Frameworks */ = {isa = PBXBuildFile; fileRef = 3F3540BA19586CD400DFA7C5 /* UIKit.framework */; };
		3F3540EA19586CD400DFA7C5 /* InfoPlist.strings in Resources */ = {isa = PBXBuildFile; fileRef = 3F3540E819586CD400DFA7C5 /* InfoPlist.strings */; };
		3F3540EC19586CD400DFA7C5 /* FinalProjectThreeTests.m in Sources */ = {isa = PBXBuildFile; fileRef = 3F3540EB19586CD400DFA7C5 /* FinalProjectThreeTests.m */; };
		3F3B3A02195B717A0037C92E /* Global.m in Sources */ = {isa = PBXBuildFile; fileRef = 3F3B3A01195B717A0037C92E /* Global.m */; };
		3FC9D72C1959AF5F00572666 /* WorkerCell.m in Sources */ = {isa = PBXBuildFile; fileRef = 3FC9D72B1959AF5F00572666 /* WorkerCell.m */; };
		3FC9D7641959B7DC00572666 /* Worker.m in Sources */ = {isa = PBXBuildFile; fileRef = 3FC9D7631959B7DC00572666 /* Worker.m */; };
		3FC9D7671959BC6A00572666 /* WorkerView.m in Sources */ = {isa = PBXBuildFile; fileRef = 3FC9D7661959BC6A00572666 /* WorkerView.m */; };
		3FC9D7691959C3FA00572666 /* cell_Iphone.xib in Resources */ = {isa = PBXBuildFile; fileRef = 3FC9D7681959C3F900572666 /* cell_Iphone.xib */; };
		3FC9D76C1959F51900572666 /* BuildView.m in Sources */ = {isa = PBXBuildFile; fileRef = 3FC9D76B1959F51900572666 /* BuildView.m */; };
		3FC9D76F1959F5AE00572666 /* BuildCell.m in Sources */ = {isa = PBXBuildFile; fileRef = 3FC9D76E1959F5AE00572666 /* BuildCell.m */; };
		3FC9D773195A13F600572666 /* Empty.xib in Resources */ = {isa = PBXBuildFile; fileRef = 3FC9D772195A13F600572666 /* Empty.xib */; };
		3FC9D776195B067900572666 /* Building.m in Sources */ = {isa = PBXBuildFile; fileRef = 3FC9D775195B067900572666 /* Building.m */; };
/* End PBXBuildFile section */

/* Begin PBXContainerItemProxy section */
		3F3540E319586CD400DFA7C5 /* PBXContainerItemProxy */ = {
			isa = PBXContainerItemProxy;
			containerPortal = 3F3540AB19586CD400DFA7C5 /* Project object */;
			proxyType = 1;
			remoteGlobalIDString = 3F3540B219586CD400DFA7C5;
			remoteInfo = FinalProjectThree;
		};
/* End PBXContainerItemProxy section */

/* Begin PBXFileReference section */
		3F3540B319586CD400DFA7C5 /* FinalProjectThree.app */ = {isa = PBXFileReference; explicitFileType = wrapper.application; includeInIndex = 0; path = FinalProjectThree.app; sourceTree = BUILT_PRODUCTS_DIR; };
		3F3540B619586CD400DFA7C5 /* Foundation.framework */ = {isa = PBXFileReference; lastKnownFileType = wrapper.framework; name = Foundation.framework; path = System/Library/Frameworks/Foundation.framework; sourceTree = SDKROOT; };
		3F3540B819586CD400DFA7C5 /* CoreGraphics.framework */ = {isa = PBXFileReference; lastKnownFileType = wrapper.framework; name = CoreGraphics.framework; path = System/Library/Frameworks/CoreGraphics.framework; sourceTree = SDKROOT; };
		3F3540BA19586CD400DFA7C5 /* UIKit.framework */ = {isa = PBXFileReference; lastKnownFileType = wrapper.framework; name = UIKit.framework; path = System/Library/Frameworks/UIKit.framework; sourceTree = SDKROOT; };
		3F3540BC19586CD400DFA7C5 /* SpriteKit.framework */ = {isa = PBXFileReference; lastKnownFileType = wrapper.framework; name = SpriteKit.framework; path = System/Library/Frameworks/SpriteKit.framework; sourceTree = SDKROOT; };
		3F3540C019586CD400DFA7C5 /* FinalProjectThree-Info.plist */ = {isa = PBXFileReference; lastKnownFileType = text.plist.xml; path = "FinalProjectThree-Info.plist"; sourceTree = "<group>"; };
		3F3540C219586CD400DFA7C5 /* en */ = {isa = PBXFileReference; lastKnownFileType = text.plist.strings; name = en; path = en.lproj/InfoPlist.strings; sourceTree = "<group>"; };
		3F3540C419586CD400DFA7C5 /* main.m */ = {isa = PBXFileReference; lastKnownFileType = sourcecode.c.objc; path = main.m; sourceTree = "<group>"; };
		3F3540C619586CD400DFA7C5 /* FinalProjectThree-Prefix.pch */ = {isa = PBXFileReference; lastKnownFileType = sourcecode.c.h; path = "FinalProjectThree-Prefix.pch"; sourceTree = "<group>"; };
		3F3540C719586CD400DFA7C5 /* AppDelegate.h */ = {isa = PBXFileReference; lastKnownFileType = sourcecode.c.h; path = AppDelegate.h; sourceTree = "<group>"; };
		3F3540C819586CD400DFA7C5 /* AppDelegate.m */ = {isa = PBXFileReference; lastKnownFileType = sourcecode.c.objc; path = AppDelegate.m; sourceTree = "<group>"; };
		3F3540CB19586CD400DFA7C5 /* Base */ = {isa = PBXFileReference; lastKnownFileType = file.storyboard; name = Base; path = Base.lproj/Main_iPhone.storyboard; sourceTree = "<group>"; };
		3F3540D019586CD400DFA7C5 /* ViewController.h */ = {isa = PBXFileReference; lastKnownFileType = sourcecode.c.h; path = ViewController.h; sourceTree = "<group>"; };
		3F3540D119586CD400DFA7C5 /* ViewController.m */ = {isa = PBXFileReference; lastKnownFileType = sourcecode.c.objc; path = ViewController.m; sourceTree = "<group>"; };
		3F3540D319586CD400DFA7C5 /* MyScene.h */ = {isa = PBXFileReference; lastKnownFileType = sourcecode.c.h; path = MyScene.h; sourceTree = "<group>"; };
		3F3540D419586CD400DFA7C5 /* MyScene.m */ = {isa = PBXFileReference; lastKnownFileType = sourcecode.c.objc; path = MyScene.m; sourceTree = "<group>"; };
		3F3540D819586CD400DFA7C5 /* Images.xcassets */ = {isa = PBXFileReference; lastKnownFileType = folder.assetcatalog; path = Images.xcassets; sourceTree = "<group>"; };
		3F3540DE19586CD400DFA7C5 /* FinalProjectThreeTests.xctest */ = {isa = PBXFileReference; explicitFileType = wrapper.cfbundle; includeInIndex = 0; path = FinalProjectThreeTests.xctest; sourceTree = BUILT_PRODUCTS_DIR; };
		3F3540DF19586CD400DFA7C5 /* XCTest.framework */ = {isa = PBXFileReference; lastKnownFileType = wrapper.framework; name = XCTest.framework; path = Library/Frameworks/XCTest.framework; sourceTree = DEVELOPER_DIR; };
		3F3540E719586CD400DFA7C5 /* FinalProjectThreeTests-Info.plist */ = {isa = PBXFileReference; lastKnownFileType = text.plist.xml; path = "FinalProjectThreeTests-Info.plist"; sourceTree = "<group>"; };
		3F3540E919586CD400DFA7C5 /* en */ = {isa = PBXFileReference; lastKnownFileType = text.plist.strings; name = en; path = en.lproj/InfoPlist.strings; sourceTree = "<group>"; };
		3F3540EB19586CD400DFA7C5 /* FinalProjectThreeTests.m */ = {isa = PBXFileReference; lastKnownFileType = sourcecode.c.objc; path = FinalProjectThreeTests.m; sourceTree = "<group>"; };
		3F3B3A00195B717A0037C92E /* Global.h */ = {isa = PBXFileReference; fileEncoding = 4; lastKnownFileType = sourcecode.c.h; path = Global.h; sourceTree = "<group>"; };
		3F3B3A01195B717A0037C92E /* Global.m */ = {isa = PBXFileReference; fileEncoding = 4; lastKnownFileType = sourcecode.c.objc; path = Global.m; sourceTree = "<group>"; };
		3FC9D72A1959AF5F00572666 /* WorkerCell.h */ = {isa = PBXFileReference; fileEncoding = 4; lastKnownFileType = sourcecode.c.h; path = WorkerCell.h; sourceTree = "<group>"; };
		3FC9D72B1959AF5F00572666 /* WorkerCell.m */ = {isa = PBXFileReference; fileEncoding = 4; lastKnownFileType = sourcecode.c.objc; path = WorkerCell.m; sourceTree = "<group>"; };
		3FC9D7621959B7DC00572666 /* Worker.h */ = {isa = PBXFileReference; fileEncoding = 4; lastKnownFileType = sourcecode.c.h; path = Worker.h; sourceTree = "<group>"; };
		3FC9D7631959B7DC00572666 /* Worker.m */ = {isa = PBXFileReference; fileEncoding = 4; lastKnownFileType = sourcecode.c.objc; path = Worker.m; sourceTree = "<group>"; };
		3FC9D7651959BC6A00572666 /* WorkerView.h */ = {isa = PBXFileReference; fileEncoding = 4; lastKnownFileType = sourcecode.c.h; path = WorkerView.h; sourceTree = "<group>"; };
		3FC9D7661959BC6A00572666 /* WorkerView.m */ = {isa = PBXFileReference; fileEncoding = 4; lastKnownFileType = sourcecode.c.objc; path = WorkerView.m; sourceTree = "<group>"; };
		3FC9D7681959C3F900572666 /* cell_Iphone.xib */ = {isa = PBXFileReference; fileEncoding = 4; lastKnownFileType = file.xib; path = cell_Iphone.xib; sourceTree = "<group>"; };
		3FC9D76A1959F51900572666 /* BuildView.h */ = {isa = PBXFileReference; fileEncoding = 4; lastKnownFileType = sourcecode.c.h; path = BuildView.h; sourceTree = "<group>"; };
		3FC9D76B1959F51900572666 /* BuildView.m */ = {isa = PBXFileReference; fileEncoding = 4; lastKnownFileType = sourcecode.c.objc; path = BuildView.m; sourceTree = "<group>"; };
		3FC9D76D1959F5AE00572666 /* BuildCell.h */ = {isa = PBXFileReference; fileEncoding = 4; lastKnownFileType = sourcecode.c.h; path = BuildCell.h; sourceTree = "<group>"; };
		3FC9D76E1959F5AE00572666 /* BuildCell.m */ = {isa = PBXFileReference; fileEncoding = 4; lastKnownFileType = sourcecode.c.objc; path = BuildCell.m; sourceTree = "<group>"; };
		3FC9D772195A13F600572666 /* Empty.xib */ = {isa = PBXFileReference; fileEncoding = 4; lastKnownFileType = file.xib; path = Empty.xib; sourceTree = "<group>"; };
		3FC9D774195B067900572666 /* Building.h */ = {isa = PBXFileReference; fileEncoding = 4; lastKnownFileType = sourcecode.c.h; path = Building.h; sourceTree = "<group>"; };
		3FC9D775195B067900572666 /* Building.m */ = {isa = PBXFileReference; fileEncoding = 4; lastKnownFileType = sourcecode.c.objc; path = Building.m; sourceTree = "<group>"; };
/* End PBXFileReference section */

/* Begin PBXFrameworksBuildPhase section */
		3F3540B019586CD400DFA7C5 /* Frameworks */ = {
			isa = PBXFrameworksBuildPhase;
			buildActionMask = 2147483647;
			files = (
				3F3540B919586CD400DFA7C5 /* CoreGraphics.framework in Frameworks */,
				3F3540BB19586CD400DFA7C5 /* UIKit.framework in Frameworks */,
				3F3540BD19586CD400DFA7C5 /* SpriteKit.framework in Frameworks */,
				3F3540B719586CD400DFA7C5 /* Foundation.framework in Frameworks */,
			);
			runOnlyForDeploymentPostprocessing = 0;
		};
		3F3540DB19586CD400DFA7C5 /* Frameworks */ = {
			isa = PBXFrameworksBuildPhase;
			buildActionMask = 2147483647;
			files = (
				3F3540E019586CD400DFA7C5 /* XCTest.framework in Frameworks */,
				3F3540E219586CD400DFA7C5 /* UIKit.framework in Frameworks */,
				3F3540E119586CD400DFA7C5 /* Foundation.framework in Frameworks */,
			);
			runOnlyForDeploymentPostprocessing = 0;
		};
/* End PBXFrameworksBuildPhase section */

/* Begin PBXGroup section */
		3F3540AA19586CD400DFA7C5 = {
			isa = PBXGroup;
			children = (
				3F3540BE19586CD400DFA7C5 /* FinalProjectThree */,
				3F3540E519586CD400DFA7C5 /* FinalProjectThreeTests */,
				3F3540B519586CD400DFA7C5 /* Frameworks */,
				3F3540B419586CD400DFA7C5 /* Products */,
			);
			sourceTree = "<group>";
		};
		3F3540B419586CD400DFA7C5 /* Products */ = {
			isa = PBXGroup;
			children = (
				3F3540B319586CD400DFA7C5 /* FinalProjectThree.app */,
				3F3540DE19586CD400DFA7C5 /* FinalProjectThreeTests.xctest */,
			);
			name = Products;
			sourceTree = "<group>";
		};
		3F3540B519586CD400DFA7C5 /* Frameworks */ = {
			isa = PBXGroup;
			children = (
				3F3540B619586CD400DFA7C5 /* Foundation.framework */,
				3F3540B819586CD400DFA7C5 /* CoreGraphics.framework */,
				3F3540BA19586CD400DFA7C5 /* UIKit.framework */,
				3F3540BC19586CD400DFA7C5 /* SpriteKit.framework */,
				3F3540DF19586CD400DFA7C5 /* XCTest.framework */,
			);
			name = Frameworks;
			sourceTree = "<group>";
		};
		3F3540BE19586CD400DFA7C5 /* FinalProjectThree */ = {
			isa = PBXGroup;
			children = (
				3F3540C719586CD400DFA7C5 /* AppDelegate.h */,
				3F3540C819586CD400DFA7C5 /* AppDelegate.m */,
				3FC9D774195B067900572666 /* Building.h */,
				3FC9D775195B067900572666 /* Building.m */,
				3FC9D76D1959F5AE00572666 /* BuildCell.h */,
				3FC9D76E1959F5AE00572666 /* BuildCell.m */,
				3FC9D76A1959F51900572666 /* BuildView.h */,
				3FC9D76B1959F51900572666 /* BuildView.m */,
				3F3540CA19586CD400DFA7C5 /* Main_iPhone.storyboard */,
				3F3540D019586CD400DFA7C5 /* ViewController.h */,
				3F3540D119586CD400DFA7C5 /* ViewController.m */,
				3F3B3A00195B717A0037C92E /* Global.h */,
				3F3B3A01195B717A0037C92E /* Global.m */,
				3F3540D319586CD400DFA7C5 /* MyScene.h */,
				3F3540D419586CD400DFA7C5 /* MyScene.m */,
				3FC9D7621959B7DC00572666 /* Worker.h */,
				3FC9D7631959B7DC00572666 /* Worker.m */,
				3FC9D72A1959AF5F00572666 /* WorkerCell.h */,
				3FC9D72B1959AF5F00572666 /* WorkerCell.m */,
				3FC9D7651959BC6A00572666 /* WorkerView.h */,
				3FC9D7661959BC6A00572666 /* WorkerView.m */,
				3FC9D7681959C3F900572666 /* cell_Iphone.xib */,
				3FC9D772195A13F600572666 /* Empty.xib */,
				3F3540D819586CD400DFA7C5 /* Images.xcassets */,
				3F3540BF19586CD400DFA7C5 /* Supporting Files */,
			);
			path = FinalProjectThree;
			sourceTree = "<group>";
		};
		3F3540BF19586CD400DFA7C5 /* Supporting Files */ = {
			isa = PBXGroup;
			children = (
				3F3540C019586CD400DFA7C5 /* FinalProjectThree-Info.plist */,
				3F3540C119586CD400DFA7C5 /* InfoPlist.strings */,
				3F3540C419586CD400DFA7C5 /* main.m */,
				3F3540C619586CD400DFA7C5 /* FinalProjectThree-Prefix.pch */,
			);
			name = "Supporting Files";
			sourceTree = "<group>";
		};
		3F3540E519586CD400DFA7C5 /* FinalProjectThreeTests */ = {
			isa = PBXGroup;
			children = (
				3F3540EB19586CD400DFA7C5 /* FinalProjectThreeTests.m */,
				3F3540E619586CD400DFA7C5 /* Supporting Files */,
			);
			path = FinalProjectThreeTests;
			sourceTree = "<group>";
		};
		3F3540E619586CD400DFA7C5 /* Supporting Files */ = {
			isa = PBXGroup;
			children = (
				3F3540E719586CD400DFA7C5 /* FinalProjectThreeTests-Info.plist */,
				3F3540E819586CD400DFA7C5 /* InfoPlist.strings */,
			);
			name = "Supporting Files";
			sourceTree = "<group>";
		};
/* End PBXGroup section */

/* Begin PBXNativeTarget section */
		3F3540B219586CD400DFA7C5 /* FinalProjectThree */ = {
			isa = PBXNativeTarget;
			buildConfigurationList = 3F3540EF19586CD400DFA7C5 /* Build configuration list for PBXNativeTarget "FinalProjectThree" */;
			buildPhases = (
				3F3540AF19586CD400DFA7C5 /* Sources */,
				3F3540B019586CD400DFA7C5 /* Frameworks */,
				3F3540B119586CD400DFA7C5 /* Resources */,
			);
			buildRules = (
			);
			dependencies = (
			);
			name = FinalProjectThree;
			productName = FinalProjectThree;
			productReference = 3F3540B319586CD400DFA7C5 /* FinalProjectThree.app */;
			productType = "com.apple.product-type.application";
		};
		3F3540DD19586CD400DFA7C5 /* FinalProjectThreeTests */ = {
			isa = PBXNativeTarget;
			buildConfigurationList = 3F3540F219586CD400DFA7C5 /* Build configuration list for PBXNativeTarget "FinalProjectThreeTests" */;
			buildPhases = (
				3F3540DA19586CD400DFA7C5 /* Sources */,
				3F3540DB19586CD400DFA7C5 /* Frameworks */,
				3F3540DC19586CD400DFA7C5 /* Resources */,
			);
			buildRules = (
			);
			dependencies = (
				3F3540E419586CD400DFA7C5 /* PBXTargetDependency */,
			);
			name = FinalProjectThreeTests;
			productName = FinalProjectThreeTests;
			productReference = 3F3540DE19586CD400DFA7C5 /* FinalProjectThreeTests.xctest */;
			productType = "com.apple.product-type.bundle.unit-test";
		};
/* End PBXNativeTarget section */

/* Begin PBXProject section */
		3F3540AB19586CD400DFA7C5 /* Project object */ = {
			isa = PBXProject;
			attributes = {
				LastUpgradeCheck = 0510;
				ORGANIZATIONNAME = test;
				TargetAttributes = {
					3F3540DD19586CD400DFA7C5 = {
						TestTargetID = 3F3540B219586CD400DFA7C5;
					};
				};
			};
			buildConfigurationList = 3F3540AE19586CD400DFA7C5 /* Build configuration list for PBXProject "FinalProjectThree" */;
			compatibilityVersion = "Xcode 3.2";
			developmentRegion = English;
			hasScannedForEncodings = 0;
			knownRegions = (
				en,
				Base,
			);
			mainGroup = 3F3540AA19586CD400DFA7C5;
			productRefGroup = 3F3540B419586CD400DFA7C5 /* Products */;
			projectDirPath = "";
			projectRoot = "";
			targets = (
				3F3540B219586CD400DFA7C5 /* FinalProjectThree */,
				3F3540DD19586CD400DFA7C5 /* FinalProjectThreeTests */,
			);
		};
/* End PBXProject section */

/* Begin PBXResourcesBuildPhase section */
		3F3540B119586CD400DFA7C5 /* Resources */ = {
			isa = PBXResourcesBuildPhase;
			buildActionMask = 2147483647;
			files = (
				3FC9D773195A13F600572666 /* Empty.xib in Resources */,
				3F3540D919586CD400DFA7C5 /* Images.xcassets in Resources */,
				3F3540CC19586CD400DFA7C5 /* Main_iPhone.storyboard in Resources */,
				3F3540C319586CD400DFA7C5 /* InfoPlist.strings in Resources */,
				3FC9D7691959C3FA00572666 /* cell_Iphone.xib in Resources */,
			);
			runOnlyForDeploymentPostprocessing = 0;
		};
		3F3540DC19586CD400DFA7C5 /* Resources */ = {
			isa = PBXResourcesBuildPhase;
			buildActionMask = 2147483647;
			files = (
				3F3540EA19586CD400DFA7C5 /* InfoPlist.strings in Resources */,
			);
			runOnlyForDeploymentPostprocessing = 0;
		};
/* End PBXResourcesBuildPhase section */

/* Begin PBXSourcesBuildPhase section */
		3F3540AF19586CD400DFA7C5 /* Sources */ = {
			isa = PBXSourcesBuildPhase;
			buildActionMask = 2147483647;
			files = (
				3F3B3A02195B717A0037C92E /* Global.m in Sources */,
				3F3540D519586CD400DFA7C5 /* MyScene.m in Sources */,
				3FC9D76C1959F51900572666 /* BuildView.m in Sources */,
				3FC9D76F1959F5AE00572666 /* BuildCell.m in Sources */,
				3FC9D7641959B7DC00572666 /* Worker.m in Sources */,
				3FC9D72C1959AF5F00572666 /* WorkerCell.m in Sources */,
				3FC9D776195B067900572666 /* Building.m in Sources */,
				3F3540D219586CD400DFA7C5 /* ViewController.m in Sources */,
				3FC9D7671959BC6A00572666 /* WorkerView.m in Sources */,
				3F3540C919586CD400DFA7C5 /* AppDelegate.m in Sources */,
				3F3540C519586CD400DFA7C5 /* main.m in Sources */,
			);
			runOnlyForDeploymentPostprocessing = 0;
		};
		3F3540DA19586CD400DFA7C5 /* Sources */ = {
			isa = PBXSourcesBuildPhase;
			buildActionMask = 2147483647;
			files = (
				3F3540EC19586CD400DFA7C5 /* FinalProjectThreeTests.m in Sources */,
			);
			runOnlyForDeploymentPostprocessing = 0;
		};
/* End PBXSourcesBuildPhase section */

/* Begin PBXTargetDependency section */
		3F3540E419586CD400DFA7C5 /* PBXTargetDependency */ = {
			isa = PBXTargetDependency;
			target = 3F3540B219586CD400DFA7C5 /* FinalProjectThree */;
			targetProxy = 3F3540E319586CD400DFA7C5 /* PBXContainerItemProxy */;
		};
/* End PBXTargetDependency section */

/* Begin PBXVariantGroup section */
		3F3540C119586CD400DFA7C5 /* InfoPlist.strings */ = {
			isa = PBXVariantGroup;
			children = (
				3F3540C219586CD400DFA7C5 /* en */,
			);
			name = InfoPlist.strings;
			sourceTree = "<group>";
		};
		3F3540CA19586CD400DFA7C5 /* Main_iPhone.storyboard */ = {
			isa = PBXVariantGroup;
			children = (
				3F3540CB19586CD400DFA7C5 /* Base */,
			);
			name = Main_iPhone.storyboard;
			sourceTree = "<group>";
		};
		3F3540E819586CD400DFA7C5 /* InfoPlist.strings */ = {
			isa = PBXVariantGroup;
			children = (
				3F3540E919586CD400DFA7C5 /* en */,
			);
			name = InfoPlist.strings;
			sourceTree = "<group>";
		};
/* End PBXVariantGroup section */

/* Begin XCBuildConfiguration section */
		3F3540ED19586CD400DFA7C5 /* Debug */ = {
			isa = XCBuildConfiguration;
			buildSettings = {
				ALWAYS_SEARCH_USER_PATHS = NO;
				CLANG_CXX_LANGUAGE_STANDARD = "gnu++0x";
				CLANG_CXX_LIBRARY = "libc++";
				CLANG_ENABLE_MODULES = YES;
				CLANG_ENABLE_OBJC_ARC = YES;
				CLANG_WARN_BOOL_CONVERSION = YES;
				CLANG_WARN_CONSTANT_CONVERSION = YES;
				CLANG_WARN_DIRECT_OBJC_ISA_USAGE = YES_ERROR;
				CLANG_WARN_EMPTY_BODY = YES;
				CLANG_WARN_ENUM_CONVERSION = YES;
				CLANG_WARN_INT_CONVERSION = YES;
				CLANG_WARN_OBJC_ROOT_CLASS = YES_ERROR;
				CLANG_WARN__DUPLICATE_METHOD_MATCH = YES;
				"CODE_SIGN_IDENTITY[sdk=iphoneos*]" = "iPhone Developer";
				COPY_PHASE_STRIP = NO;
				GCC_C_LANGUAGE_STANDARD = gnu99;
				GCC_DYNAMIC_NO_PIC = NO;
				GCC_OPTIMIZATION_LEVEL = 0;
				GCC_PREPROCESSOR_DEFINITIONS = (
					"DEBUG=1",
					"$(inherited)",
				);
				GCC_SYMBOLS_PRIVATE_EXTERN = NO;
				GCC_WARN_64_TO_32_BIT_CONVERSION = YES;
				GCC_WARN_ABOUT_RETURN_TYPE = YES_ERROR;
				GCC_WARN_UNDECLARED_SELECTOR = YES;
				GCC_WARN_UNINITIALIZED_AUTOS = YES_AGGRESSIVE;
				GCC_WARN_UNUSED_FUNCTION = YES;
				GCC_WARN_UNUSED_VARIABLE = YES;
				IPHONEOS_DEPLOYMENT_TARGET = 7.1;
				ONLY_ACTIVE_ARCH = YES;
				SDKROOT = iphoneos;
				TARGETED_DEVICE_FAMILY = "1,2";
			};
			name = Debug;
		};
		3F3540EE19586CD400DFA7C5 /* Release */ = {
			isa = XCBuildConfiguration;
			buildSettings = {
				ALWAYS_SEARCH_USER_PATHS = NO;
				CLANG_CXX_LANGUAGE_STANDARD = "gnu++0x";
				CLANG_CXX_LIBRARY = "libc++";
				CLANG_ENABLE_MODULES = YES;
				CLANG_ENABLE_OBJC_ARC = YES;
				CLANG_WARN_BOOL_CONVERSION = YES;
				CLANG_WARN_CONSTANT_CONVERSION = YES;
				CLANG_WARN_DIRECT_OBJC_ISA_USAGE = YES_ERROR;
				CLANG_WARN_EMPTY_BODY = YES;
				CLANG_WARN_ENUM_CONVERSION = YES;
				CLANG_WARN_INT_CONVERSION = YES;
				CLANG_WARN_OBJC_ROOT_CLASS = YES_ERROR;
				CLANG_WARN__DUPLICATE_METHOD_MATCH = YES;
				"CODE_SIGN_IDENTITY[sdk=iphoneos*]" = "iPhone Developer";
				COPY_PHASE_STRIP = YES;
				ENABLE_NS_ASSERTIONS = NO;
				GCC_C_LANGUAGE_STANDARD = gnu99;
				GCC_WARN_64_TO_32_BIT_CONVERSION = YES;
				GCC_WARN_ABOUT_RETURN_TYPE = YES_ERROR;
				GCC_WARN_UNDECLARED_SELECTOR = YES;
				GCC_WARN_UNINITIALIZED_AUTOS = YES_AGGRESSIVE;
				GCC_WARN_UNUSED_FUNCTION = YES;
				GCC_WARN_UNUSED_VARIABLE = YES;
				IPHONEOS_DEPLOYMENT_TARGET = 7.1;
				SDKROOT = iphoneos;
				TARGETED_DEVICE_FAMILY = "1,2";
				VALIDATE_PRODUCT = YES;
			};
			name = Release;
		};
		3F3540F019586CD400DFA7C5 /* Debug */ = {
			isa = XCBuildConfiguration;
			buildSettings = {
				ASSETCATALOG_COMPILER_APPICON_NAME = AppIcon;
				ASSETCATALOG_COMPILER_LAUNCHIMAGE_NAME = LaunchImage;
				GCC_PRECOMPILE_PREFIX_HEADER = YES;
				GCC_PREFIX_HEADER = "FinalProjectThree/FinalProjectThree-Prefix.pch";
				INFOPLIST_FILE = "FinalProjectThree/FinalProjectThree-Info.plist";
				PRODUCT_NAME = "$(TARGET_NAME)";
				SPRITEKIT_TEXTURE_ATLAS_OUTPUT = YES;
				TARGETED_DEVICE_FAMILY = 1;
				WRAPPER_EXTENSION = app;
			};
			name = Debug;
		};
		3F3540F119586CD400DFA7C5 /* Release */ = {
			isa = XCBuildConfiguration;
			buildSettings = {
				ASSETCATALOG_COMPILER_APPICON_NAME = AppIcon;
				ASSETCATALOG_COMPILER_LAUNCHIMAGE_NAME = LaunchImage;
				GCC_PRECOMPILE_PREFIX_HEADER = YES;
				GCC_PREFIX_HEADER = "FinalProjectThree/FinalProjectThree-Prefix.pch";
				INFOPLIST_FILE = "FinalProjectThree/FinalProjectThree-Info.plist";
				PRODUCT_NAME = "$(TARGET_NAME)";
				SPRITEKIT_TEXTURE_ATLAS_OUTPUT = YES;
				TARGETED_DEVICE_FAMILY = 1;
				WRAPPER_EXTENSION = app;
			};
			name = Release;
		};
		3F3540F319586CD400DFA7C5 /* Debug */ = {
			isa = XCBuildConfiguration;
			buildSettings = {
				BUNDLE_LOADER = "$(BUILT_PRODUCTS_DIR)/FinalProjectThree.app/FinalProjectThree";
				FRAMEWORK_SEARCH_PATHS = (
					"$(SDKROOT)/Developer/Library/Frameworks",
					"$(inherited)",
					"$(DEVELOPER_FRAMEWORKS_DIR)",
				);
				GCC_PRECOMPILE_PREFIX_HEADER = YES;
				GCC_PREFIX_HEADER = "FinalProjectThree/FinalProjectThree-Prefix.pch";
				GCC_PREPROCESSOR_DEFINITIONS = (
					"DEBUG=1",
					"$(inherited)",
				);
				INFOPLIST_FILE = "FinalProjectThreeTests/FinalProjectThreeTests-Info.plist";
				PRODUCT_NAME = "$(TARGET_NAME)";
				TEST_HOST = "$(BUNDLE_LOADER)";
				WRAPPER_EXTENSION = xctest;
			};
			name = Debug;
		};
		3F3540F419586CD400DFA7C5 /* Release */ = {
			isa = XCBuildConfiguration;
			buildSettings = {
				BUNDLE_LOADER = "$(BUILT_PRODUCTS_DIR)/FinalProjectThree.app/FinalProjectThree";
				FRAMEWORK_SEARCH_PATHS = (
					"$(SDKROOT)/Developer/Library/Frameworks",
					"$(inherited)",
					"$(DEVELOPER_FRAMEWORKS_DIR)",
				);
				GCC_PRECOMPILE_PREFIX_HEADER = YES;
				GCC_PREFIX_HEADER = "FinalProjectThree/FinalProjectThree-Prefix.pch";
				INFOPLIST_FILE = "FinalProjectThreeTests/FinalProjectThreeTests-Info.plist";
				PRODUCT_NAME = "$(TARGET_NAME)";
				TEST_HOST = "$(BUNDLE_LOADER)";
				WRAPPER_EXTENSION = xctest;
			};
			name = Release;
		};
/* End XCBuildConfiguration section */

/* Begin XCConfigurationList section */
		3F3540AE19586CD400DFA7C5 /* Build configuration list for PBXProject "FinalProjectThree" */ = {
			isa = XCConfigurationList;
			buildConfigurations = (
				3F3540ED19586CD400DFA7C5 /* Debug */,
				3F3540EE19586CD400DFA7C5 /* Release */,
			);
			defaultConfigurationIsVisible = 0;
			defaultConfigurationName = Release;
		};
		3F3540EF19586CD400DFA7C5 /* Build configuration list for PBXNativeTarget "FinalProjectThree" */ = {
			isa = XCConfigurationList;
			buildConfigurations = (
				3F3540F019586CD400DFA7C5 /* Debug */,
				3F3540F119586CD400DFA7C5 /* Release */,
			);
			defaultConfigurationIsVisible = 0;
			defaultConfigurationName = Release;
		};
		3F3540F219586CD400DFA7C5 /* Build configuration list for PBXNativeTarget "FinalProjectThreeTests" */ = {
			isa = XCConfigurationList;
			buildConfigurations = (
				3F3540F319586CD400DFA7C5 /* Debug */,
				3F3540F419586CD400DFA7C5 /* Release */,
			);
			defaultConfigurationIsVisible = 0;
			defaultConfigurationName = Release;
		};
/* End XCConfigurationList section */
	};
	rootObject = 3F3540AB19586CD400DFA7C5 /* Project object */;
}
